
Microsoft Visual Studio Solution File, Format Version 12.00
# Visual Studio Version 16
VisualStudioVersion = 16.0.30309.148
MinimumVisualStudioVersion = 15.0.26124.0
Project("{9A19103F-16F7-4668-BE54-9A1E7A4F7556}") = "BinaryTree.Client", "BinaryTree.Client\BinaryTree.Client.csproj", "{4A2B7BDA-F533-42F1-9875-8AF02BE2B453}"
EndProject
Project("{FAE04EC0-301F-11D3-BF4B-00C04F79EFBC}") = "LinkedListAlgorithm", "LinkedListAlgorithm\LinkedListAlgorithm.csproj", "{9971AA01-078B-45B3-9646-A1DD5A6E463E}"
EndProject
Project("{FAE04EC0-301F-11D3-BF4B-00C04F79EFBC}") = "LinkedListTest", "LinkedListTest\LinkedListTest.csproj", "{EC037924-824B-4538-9455-3407F8785F82}"
EndProject
Project("{FAE04EC0-301F-11D3-BF4B-00C04F79EFBC}") = "StackTests", "StackTests\StackTests.csproj", "{61E0263C-12A8-4B26-B473-F0583FDC25B5}"
EndProject
Project("{FAE04EC0-301F-11D3-BF4B-00C04F79EFBC}") = "Stacks", "Stacks\Stacks.csproj", "{A1F25445-B94E-44E3-938A-3D470F95F0DC}"
EndProject
Global
	GlobalSection(SolutionConfigurationPlatforms) = preSolution
		Debug|Any CPU = Debug|Any CPU
		Debug|x64 = Debug|x64
		Debug|x86 = Debug|x86
		Release|Any CPU = Release|Any CPU
		Release|x64 = Release|x64
		Release|x86 = Release|x86
	EndGlobalSection
	GlobalSection(ProjectConfigurationPlatforms) = postSolution
		{4A2B7BDA-F533-42F1-9875-8AF02BE2B453}.Debug|Any CPU.ActiveCfg = Debug|Any CPU
		{4A2B7BDA-F533-42F1-9875-8AF02BE2B453}.Debug|Any CPU.Build.0 = Debug|Any CPU
		{4A2B7BDA-F533-42F1-9875-8AF02BE2B453}.Debug|x64.ActiveCfg = Debug|Any CPU
		{4A2B7BDA-F533-42F1-9875-8AF02BE2B453}.Debug|x64.Build.0 = Debug|Any CPU
		{4A2B7BDA-F533-42F1-9875-8AF02BE2B453}.Debug|x86.ActiveCfg = Debug|Any CPU
		{4A2B7BDA-F533-42F1-9875-8AF02BE2B453}.Debug|x86.Build.0 = Debug|Any CPU
		{4A2B7BDA-F533-42F1-9875-8AF02BE2B453}.Release|Any CPU.ActiveCfg = Release|Any CPU
		{4A2B7BDA-F533-42F1-9875-8AF02BE2B453}.Release|Any CPU.Build.0 = Release|Any CPU
		{4A2B7BDA-F533-42F1-9875-8AF02BE2B453}.Release|x64.ActiveCfg = Release|Any CPU
		{4A2B7BDA-F533-42F1-9875-8AF02BE2B453}.Release|x64.Build.0 = Release|Any CPU
		{4A2B7BDA-F533-42F1-9875-8AF02BE2B453}.Release|x86.ActiveCfg = Release|Any CPU
		{4A2B7BDA-F533-42F1-9875-8AF02BE2B453}.Release|x86.Build.0 = Release|Any CPU
		{9971AA01-078B-45B3-9646-A1DD5A6E463E}.Debug|Any CPU.ActiveCfg = Debug|Any CPU
		{9971AA01-078B-45B3-9646-A1DD5A6E463E}.Debug|Any CPU.Build.0 = Debug|Any CPU
		{9971AA01-078B-45B3-9646-A1DD5A6E463E}.Debug|x64.ActiveCfg = Debug|Any CPU
		{9971AA01-078B-45B3-9646-A1DD5A6E463E}.Debug|x64.Build.0 = Debug|Any CPU
		{9971AA01-078B-45B3-9646-A1DD5A6E463E}.Debug|x86.ActiveCfg = Debug|Any CPU
		{9971AA01-078B-45B3-9646-A1DD5A6E463E}.Debug|x86.Build.0 = Debug|Any CPU
		{9971AA01-078B-45B3-9646-A1DD5A6E463E}.Release|Any CPU.ActiveCfg = Release|Any CPU
		{9971AA01-078B-45B3-9646-A1DD5A6E463E}.Release|Any CPU.Build.0 = Release|Any CPU
		{9971AA01-078B-45B3-9646-A1DD5A6E463E}.Release|x64.ActiveCfg = Release|Any CPU
		{9971AA01-078B-45B3-9646-A1DD5A6E463E}.Release|x64.Build.0 = Release|Any CPU
		{9971AA01-078B-45B3-9646-A1DD5A6E463E}.Release|x86.ActiveCfg = Release|Any CPU
		{9971AA01-078B-45B3-9646-A1DD5A6E463E}.Release|x86.Build.0 = Release|Any CPU
		{EC037924-824B-4538-9455-3407F8785F82}.Debug|Any CPU.ActiveCfg = Debug|Any CPU
		{EC037924-824B-4538-9455-3407F8785F82}.Debug|Any CPU.Build.0 = Debug|Any CPU
		{EC037924-824B-4538-9455-3407F8785F82}.Debug|x64.ActiveCfg = Debug|Any CPU
		{EC037924-824B-4538-9455-3407F8785F82}.Debug|x64.Build.0 = Debug|Any CPU
		{EC037924-824B-4538-9455-3407F8785F82}.Debug|x86.ActiveCfg = Debug|Any CPU
		{EC037924-824B-4538-9455-3407F8785F82}.Debug|x86.Build.0 = Debug|Any CPU
		{EC037924-824B-4538-9455-3407F8785F82}.Release|Any CPU.ActiveCfg = Release|Any CPU
		{EC037924-824B-4538-9455-3407F8785F82}.Release|Any CPU.Build.0 = Release|Any CPU
		{EC037924-824B-4538-9455-3407F8785F82}.Release|x64.ActiveCfg = Release|Any CPU
		{EC037924-824B-4538-9455-3407F8785F82}.Release|x64.Build.0 = Release|Any CPU
		{EC037924-824B-4538-9455-3407F8785F82}.Release|x86.ActiveCfg = Release|Any CPU
		{EC037924-824B-4538-9455-3407F8785F82}.Release|x86.Build.0 = Release|Any CPU
		{61E0263C-12A8-4B26-B473-F0583FDC25B5}.Debug|Any CPU.ActiveCfg = Debug|Any CPU
		{61E0263C-12A8-4B26-B473-F0583FDC25B5}.Debug|Any CPU.Build.0 = Debug|Any CPU
		{61E0263C-12A8-4B26-B473-F0583FDC25B5}.Debug|x64.ActiveCfg = Debug|Any CPU
		{61E0263C-12A8-4B26-B473-F0583FDC25B5}.Debug|x64.Build.0 = Debug|Any CPU
		{61E0263C-12A8-4B26-B473-F0583FDC25B5}.Debug|x86.ActiveCfg = Debug|Any CPU
		{61E0263C-12A8-4B26-B473-F0583FDC25B5}.Debug|x86.Build.0 = Debug|Any CPU
		{61E0263C-12A8-4B26-B473-F0583FDC25B5}.Release|Any CPU.ActiveCfg = Release|Any CPU
		{61E0263C-12A8-4B26-B473-F0583FDC25B5}.Release|Any CPU.Build.0 = Release|Any CPU
		{61E0263C-12A8-4B26-B473-F0583FDC25B5}.Release|x64.ActiveCfg = Release|Any CPU
		{61E0263C-12A8-4B26-B473-F0583FDC25B5}.Release|x64.Build.0 = Release|Any CPU
		{61E0263C-12A8-4B26-B473-F0583FDC25B5}.Release|x86.ActiveCfg = Release|Any CPU
		{61E0263C-12A8-4B26-B473-F0583FDC25B5}.Release|x86.Build.0 = Release|Any CPU
		{A1F25445-B94E-44E3-938A-3D470F95F0DC}.Debug|Any CPU.ActiveCfg = Debug|Any CPU
		{A1F25445-B94E-44E3-938A-3D470F95F0DC}.Debug|Any CPU.Build.0 = Debug|Any CPU
		{A1F25445-B94E-44E3-938A-3D470F95F0DC}.Debug|x64.ActiveCfg = Debug|Any CPU
		{A1F25445-B94E-44E3-938A-3D470F95F0DC}.Debug|x64.Build.0 = Debug|Any CPU
		{A1F25445-B94E-44E3-938A-3D470F95F0DC}.Debug|x86.ActiveCfg = Debug|Any CPU
		{A1F25445-B94E-44E3-938A-3D470F95F0DC}.Debug|x86.Build.0 = Debug|Any CPU
		{A1F25445-B94E-44E3-938A-3D470F95F0DC}.Release|Any CPU.ActiveCfg = Release|Any CPU
		{A1F25445-B94E-44E3-938A-3D470F95F0DC}.Release|Any CPU.Build.0 = Release|Any CPU
		{A1F25445-B94E-44E3-938A-3D470F95F0DC}.Release|x64.ActiveCfg = Release|Any CPU
		{A1F25445-B94E-44E3-938A-3D470F95F0DC}.Release|x64.Build.0 = Release|Any CPU
		{A1F25445-B94E-44E3-938A-3D470F95F0DC}.Release|x86.ActiveCfg = Release|Any CPU
		{A1F25445-B94E-44E3-938A-3D470F95F0DC}.Release|x86.Build.0 = Release|Any CPU
	EndGlobalSection
	GlobalSection(SolutionProperties) = preSolution
		HideSolutionNode = FALSE
	EndGlobalSection
	GlobalSection(ExtensibilityGlobals) = postSolution
		SolutionGuid = {8205EB6A-F192-4CB0-A3F0-ECE5B305CE24}
	EndGlobalSection
EndGlobal
